
Microsoft Visual Studio Solution File, Format Version 12.00
# Visual Studio 15
VisualStudioVersion = 15.0.28307.168
MinimumVisualStudioVersion = 10.0.40219.1
Project("{FAE04EC0-301F-11D3-BF4B-00C04F79EFBC}") = "ConsoleApp18", "ConsoleApp18\ConsoleApp18.csproj", "{9535963A-1995-4491-BD4E-90ACDAD92974}"
EndProject
Global
	GlobalSection(SolutionConfigurationPlatforms) = preSolution
		Debug|Any CPU = Debug|Any CPU
		Release|Any CPU = Release|Any CPU
	EndGlobalSection
	GlobalSection(ProjectConfigurationPlatforms) = postSolution
		{9535963A-1995-4491-BD4E-90ACDAD92974}.Debug|Any CPU.ActiveCfg = Debug|Any CPU
		{9535963A-1995-4491-BD4E-90ACDAD92974}.Debug|Any CPU.Build.0 = Debug|Any CPU
		{9535963A-1995-4491-BD4E-90ACDAD92974}.Release|Any CPU.ActiveCfg = Release|Any CPU
		{9535963A-1995-4491-BD4E-90ACDAD92974}.Release|Any CPU.Build.0 = Release|Any CPU
	EndGlobalSection
	GlobalSection(SolutionProperties) = preSolution
		HideSolutionNode = FALSE
	EndGlobalSection
	GlobalSection(ExtensibilityGlobals) = postSolution
		SolutionGuid = {7AF304C9-7E46-4EA7-96CF-0F098649A1E5}
	EndGlobalSection
EndGlobal
